
Microsoft Visual Studio Solution File, Format Version 12.00
Project("{FAE04EC0-301F-11D3-BF4B-00C04F79EFBC}") = "Reports.Crypto.WebService.API", "Reports.Crypto.WebService.API\Reports.Crypto.WebService.API.csproj", "{EF4F6D4E-D945-4476-BD5A-C1B0F82E8D25}"
EndProject
Project("{FAE04EC0-301F-11D3-BF4B-00C04F79EFBC}") = "Reports.Crypto.WebService.DAL", "Reports.Crypto.WebService.DAL\Reports.Crypto.WebService.DAL.csproj", "{B88A19C0-1484-4DD0-8AE6-B8CE2679DE8A}"
EndProject
Project("{FAE04EC0-301F-11D3-BF4B-00C04F79EFBC}") = "Reports.Crypto.WebService.Services", "Reports.Crypto.WebService.Services\Reports.Crypto.WebService.Services.csproj", "{D1535073-2865-4F24-BFB9-F54E2DE4ADE2}"
EndProject
Project("{FAE04EC0-301F-11D3-BF4B-00C04F79EFBC}") = "Reports.Crypto.WebService.DI", "Reports.Crypto.WebService.DI\Reports.Crypto.WebService.DI.csproj", "{6260FC13-290B-4C25-84E6-1F6E58E3F61C}"
EndProject
Project("{FAE04EC0-301F-11D3-BF4B-00C04F79EFBC}") = "Reports.Crypto.WebService.Infrastructure", "Reports.Crypto.WebService.Infrastructure\Reports.Crypto.WebService.Infrastructure.csproj", "{857CFFB1-C52E-47BC-A4CD-E9D0DC4FC03B}"
EndProject
Project("{FAE04EC0-301F-11D3-BF4B-00C04F79EFBC}") = "Reports.Crypto.WebService.DTO", "Reports.Crypto.WebService.DTO\Reports.Crypto.WebService.DTO.csproj", "{5D846A09-3291-47A7-ADCE-4BE8173274F1}"
EndProject
Global
	GlobalSection(SolutionConfigurationPlatforms) = preSolution
		Debug|Any CPU = Debug|Any CPU
		Release|Any CPU = Release|Any CPU
	EndGlobalSection
	GlobalSection(ProjectConfigurationPlatforms) = postSolution
		{EF4F6D4E-D945-4476-BD5A-C1B0F82E8D25}.Debug|Any CPU.ActiveCfg = Debug|Any CPU
		{EF4F6D4E-D945-4476-BD5A-C1B0F82E8D25}.Debug|Any CPU.Build.0 = Debug|Any CPU
		{EF4F6D4E-D945-4476-BD5A-C1B0F82E8D25}.Release|Any CPU.ActiveCfg = Release|Any CPU
		{EF4F6D4E-D945-4476-BD5A-C1B0F82E8D25}.Release|Any CPU.Build.0 = Release|Any CPU
		{B88A19C0-1484-4DD0-8AE6-B8CE2679DE8A}.Debug|Any CPU.ActiveCfg = Debug|Any CPU
		{B88A19C0-1484-4DD0-8AE6-B8CE2679DE8A}.Debug|Any CPU.Build.0 = Debug|Any CPU
		{B88A19C0-1484-4DD0-8AE6-B8CE2679DE8A}.Release|Any CPU.ActiveCfg = Release|Any CPU
		{B88A19C0-1484-4DD0-8AE6-B8CE2679DE8A}.Release|Any CPU.Build.0 = Release|Any CPU
		{D1535073-2865-4F24-BFB9-F54E2DE4ADE2}.Debug|Any CPU.ActiveCfg = Debug|Any CPU
		{D1535073-2865-4F24-BFB9-F54E2DE4ADE2}.Debug|Any CPU.Build.0 = Debug|Any CPU
		{D1535073-2865-4F24-BFB9-F54E2DE4ADE2}.Release|Any CPU.ActiveCfg = Release|Any CPU
		{D1535073-2865-4F24-BFB9-F54E2DE4ADE2}.Release|Any CPU.Build.0 = Release|Any CPU
		{6260FC13-290B-4C25-84E6-1F6E58E3F61C}.Debug|Any CPU.ActiveCfg = Debug|Any CPU
		{6260FC13-290B-4C25-84E6-1F6E58E3F61C}.Debug|Any CPU.Build.0 = Debug|Any CPU
		{6260FC13-290B-4C25-84E6-1F6E58E3F61C}.Release|Any CPU.ActiveCfg = Release|Any CPU
		{6260FC13-290B-4C25-84E6-1F6E58E3F61C}.Release|Any CPU.Build.0 = Release|Any CPU
		{857CFFB1-C52E-47BC-A4CD-E9D0DC4FC03B}.Debug|Any CPU.ActiveCfg = Debug|Any CPU
		{857CFFB1-C52E-47BC-A4CD-E9D0DC4FC03B}.Debug|Any CPU.Build.0 = Debug|Any CPU
		{857CFFB1-C52E-47BC-A4CD-E9D0DC4FC03B}.Release|Any CPU.ActiveCfg = Release|Any CPU
		{857CFFB1-C52E-47BC-A4CD-E9D0DC4FC03B}.Release|Any CPU.Build.0 = Release|Any CPU
		{5D846A09-3291-47A7-ADCE-4BE8173274F1}.Debug|Any CPU.ActiveCfg = Debug|Any CPU
		{5D846A09-3291-47A7-ADCE-4BE8173274F1}.Debug|Any CPU.Build.0 = Debug|Any CPU
		{5D846A09-3291-47A7-ADCE-4BE8173274F1}.Release|Any CPU.ActiveCfg = Release|Any CPU
		{5D846A09-3291-47A7-ADCE-4BE8173274F1}.Release|Any CPU.Build.0 = Release|Any CPU
	EndGlobalSection
EndGlobal
